// !$*UTF8*$!
{
	archiveVersion = 1;
	classes = {
	};
	objectVersion = 46;
	objects = {

/* Begin PBXBuildFile section */
		371AD49619FB594C00F2B025 /* main.m in Sources */ = {isa = PBXBuildFile; fileRef = 371AD49519FB594C00F2B025 /* main.m */; };
		371AD49919FB594C00F2B025 /* AppDelegate.m in Sources */ = {isa = PBXBuildFile; fileRef = 371AD49819FB594C00F2B025 /* AppDelegate.m */; };
		371AD49C19FB594C00F2B025 /* ViewController.m in Sources */ = {isa = PBXBuildFile; fileRef = 371AD49B19FB594C00F2B025 /* ViewController.m */; };
		371AD49F19FB594C00F2B025 /* Main.storyboard in Resources */ = {isa = PBXBuildFile; fileRef = 371AD49D19FB594C00F2B025 /* Main.storyboard */; };
		371AD4A119FB594C00F2B025 /* Images.xcassets in Resources */ = {isa = PBXBuildFile; fileRef = 371AD4A019FB594C00F2B025 /* Images.xcassets */; };
		371AD4A419FB594C00F2B025 /* LaunchScreen.xib in Resources */ = {isa = PBXBuildFile; fileRef = 371AD4A219FB594C00F2B025 /* LaunchScreen.xib */; };
		371AD4B019FB594C00F2B025 /* CustomURLCacheExampleTests.m in Sources */ = {isa = PBXBuildFile; fileRef = 371AD4AF19FB594C00F2B025 /* CustomURLCacheExampleTests.m */; };
		371AD4BE19FB597E00F2B025 /* CustomURLCache.m in Sources */ = {isa = PBXBuildFile; fileRef = 371AD4BB19FB597E00F2B025 /* CustomURLCache.m */; };
		371AD4BF19FB597E00F2B025 /* Util.m in Sources */ = {isa = PBXBuildFile; fileRef = 371AD4BD19FB597E00F2B025 /* Util.m */; };
		376C120219FCA06B004730B1 /* DisplayController.m in Sources */ = {isa = PBXBuildFile; fileRef = 376C120019FCA06B004730B1 /* DisplayController.m */; };
		376C120319FCA06B004730B1 /* DisplayController.xib in Resources */ = {isa = PBXBuildFile; fileRef = 376C120119FCA06B004730B1 /* DisplayController.xib */; };
/* End PBXBuildFile section */

/* Begin PBXContainerItemProxy section */
		371AD4AA19FB594C00F2B025 /* PBXContainerItemProxy */ = {
			isa = PBXContainerItemProxy;
			containerPortal = 371AD48819FB594C00F2B025 /* Project object */;
			proxyType = 1;
			remoteGlobalIDString = 371AD48F19FB594C00F2B025;
			remoteInfo = CustomURLCacheExample;
		};
/* End PBXContainerItemProxy section */

/* Begin PBXFileReference section */
		371AD49019FB594C00F2B025 /* CustomURLCacheExample.app */ = {isa = PBXFileReference; explicitFileType = wrapper.application; includeInIndex = 0; path = CustomURLCacheExample.app; sourceTree = BUILT_PRODUCTS_DIR; };
		371AD49419FB594C00F2B025 /* Info.plist */ = {isa = PBXFileReference; lastKnownFileType = text.plist.xml; path = Info.plist; sourceTree = "<group>"; };
		371AD49519FB594C00F2B025 /* main.m */ = {isa = PBXFileReference; lastKnownFileType = sourcecode.c.objc; path = main.m; sourceTree = "<group>"; };
		371AD49719FB594C00F2B025 /* AppDelegate.h */ = {isa = PBXFileReference; lastKnownFileType = sourcecode.c.h; path = AppDelegate.h; sourceTree = "<group>"; };
		371AD49819FB594C00F2B025 /* AppDelegate.m */ = {isa = PBXFileReference; lastKnownFileType = sourcecode.c.objc; path = AppDelegate.m; sourceTree = "<group>"; };
		371AD49A19FB594C00F2B025 /* ViewController.h */ = {isa = PBXFileReference; lastKnownFileType = sourcecode.c.h; path = ViewController.h; sourceTree = "<group>"; };
		371AD49B19FB594C00F2B025 /* ViewController.m */ = {isa = PBXFileReference; lastKnownFileType = sourcecode.c.objc; path = ViewController.m; sourceTree = "<group>"; };
		371AD49E19FB594C00F2B025 /* Base */ = {isa = PBXFileReference; lastKnownFileType = file.storyboard; name = Base; path = Base.lproj/Main.storyboard; sourceTree = "<group>"; };
		371AD4A019FB594C00F2B025 /* Images.xcassets */ = {isa = PBXFileReference; lastKnownFileType = folder.assetcatalog; path = Images.xcassets; sourceTree = "<group>"; };
		371AD4A319FB594C00F2B025 /* Base */ = {isa = PBXFileReference; lastKnownFileType = file.xib; name = Base; path = Base.lproj/LaunchScreen.xib; sourceTree = "<group>"; };
		371AD4A919FB594C00F2B025 /* CustomURLCacheExampleTests.xctest */ = {isa = PBXFileReference; explicitFileType = wrapper.cfbundle; includeInIndex = 0; path = CustomURLCacheExampleTests.xctest; sourceTree = BUILT_PRODUCTS_DIR; };
		371AD4AE19FB594C00F2B025 /* Info.plist */ = {isa = PBXFileReference; lastKnownFileType = text.plist.xml; path = Info.plist; sourceTree = "<group>"; };
		371AD4AF19FB594C00F2B025 /* CustomURLCacheExampleTests.m */ = {isa = PBXFileReference; lastKnownFileType = sourcecode.c.objc; path = CustomURLCacheExampleTests.m; sourceTree = "<group>"; };
		371AD4BA19FB597E00F2B025 /* CustomURLCache.h */ = {isa = PBXFileReference; fileEncoding = 4; lastKnownFileType = sourcecode.c.h; name = CustomURLCache.h; path = cache/CustomURLCache.h; sourceTree = "<group>"; };
		371AD4BB19FB597E00F2B025 /* CustomURLCache.m */ = {isa = PBXFileReference; fileEncoding = 4; lastKnownFileType = sourcecode.c.objc; name = CustomURLCache.m; path = cache/CustomURLCache.m; sourceTree = "<group>"; };
		371AD4BC19FB597E00F2B025 /* Util.h */ = {isa = PBXFileReference; fileEncoding = 4; lastKnownFileType = sourcecode.c.h; name = Util.h; path = cache/Util.h; sourceTree = "<group>"; };
		371AD4BD19FB597E00F2B025 /* Util.m */ = {isa = PBXFileReference; fileEncoding = 4; lastKnownFileType = sourcecode.c.objc; name = Util.m; path = cache/Util.m; sourceTree = "<group>"; };
		376C11FF19FCA06B004730B1 /* DisplayController.h */ = {isa = PBXFileReference; fileEncoding = 4; lastKnownFileType = sourcecode.c.h; path = DisplayController.h; sourceTree = "<group>"; };
		376C120019FCA06B004730B1 /* DisplayController.m */ = {isa = PBXFileReference; fileEncoding = 4; lastKnownFileType = sourcecode.c.objc; path = DisplayController.m; sourceTree = "<group>"; };
		376C120119FCA06B004730B1 /* DisplayController.xib */ = {isa = PBXFileReference; fileEncoding = 4; lastKnownFileType = file.xib; path = DisplayController.xib; sourceTree = "<group>"; };
/* End PBXFileReference section */

/* Begin PBXFrameworksBuildPhase section */
		371AD48D19FB594C00F2B025 /* Frameworks */ = {
			isa = PBXFrameworksBuildPhase;
			buildActionMask = 2147483647;
			files = (
			);
			runOnlyForDeploymentPostprocessing = 0;
		};
		371AD4A619FB594C00F2B025 /* Frameworks */ = {
			isa = PBXFrameworksBuildPhase;
			buildActionMask = 2147483647;
			files = (
			);
			runOnlyForDeploymentPostprocessing = 0;
		};
/* End PBXFrameworksBuildPhase section */

/* Begin PBXGroup section */
		371AD48719FB594C00F2B025 = {
			isa = PBXGroup;
			children = (
				371AD49219FB594C00F2B025 /* CustomURLCacheExample */,
				371AD4AC19FB594C00F2B025 /* CustomURLCacheExampleTests */,
				371AD49119FB594C00F2B025 /* Products */,
			);
			sourceTree = "<group>";
		};
		371AD49119FB594C00F2B025 /* Products */ = {
			isa = PBXGroup;
			children = (
				371AD49019FB594C00F2B025 /* CustomURLCacheExample.app */,
				371AD4A919FB594C00F2B025 /* CustomURLCacheExampleTests.xctest */,
			);
			name = Products;
			sourceTree = "<group>";
		};
		371AD49219FB594C00F2B025 /* CustomURLCacheExample */ = {
			isa = PBXGroup;
			children = (
				371AD4B919FB596C00F2B025 /* cache */,
				371AD49719FB594C00F2B025 /* AppDelegate.h */,
				371AD49819FB594C00F2B025 /* AppDelegate.m */,
				371AD49A19FB594C00F2B025 /* ViewController.h */,
				371AD49B19FB594C00F2B025 /* ViewController.m */,
				371AD49D19FB594C00F2B025 /* Main.storyboard */,
				371AD4A019FB594C00F2B025 /* Images.xcassets */,
				371AD4A219FB594C00F2B025 /* LaunchScreen.xib */,
				371AD49319FB594C00F2B025 /* Supporting Files */,
				376C11FF19FCA06B004730B1 /* DisplayController.h */,
				376C120019FCA06B004730B1 /* DisplayController.m */,
				376C120119FCA06B004730B1 /* DisplayController.xib */,
			);
			path = CustomURLCacheExample;
			sourceTree = "<group>";
		};
		371AD49319FB594C00F2B025 /* Supporting Files */ = {
			isa = PBXGroup;
			children = (
				371AD49419FB594C00F2B025 /* Info.plist */,
				371AD49519FB594C00F2B025 /* main.m */,
			);
			name = "Supporting Files";
			sourceTree = "<group>";
		};
		371AD4AC19FB594C00F2B025 /* CustomURLCacheExampleTests */ = {
			isa = PBXGroup;
			children = (
				371AD4AF19FB594C00F2B025 /* CustomURLCacheExampleTests.m */,
				371AD4AD19FB594C00F2B025 /* Supporting Files */,
			);
			path = CustomURLCacheExampleTests;
			sourceTree = "<group>";
		};
		371AD4AD19FB594C00F2B025 /* Supporting Files */ = {
			isa = PBXGroup;
			children = (
				371AD4AE19FB594C00F2B025 /* Info.plist */,
			);
			name = "Supporting Files";
			sourceTree = "<group>";
		};
		371AD4B919FB596C00F2B025 /* cache */ = {
			isa = PBXGroup;
			children = (
				371AD4BA19FB597E00F2B025 /* CustomURLCache.h */,
				371AD4BB19FB597E00F2B025 /* CustomURLCache.m */,
				371AD4BC19FB597E00F2B025 /* Util.h */,
				371AD4BD19FB597E00F2B025 /* Util.m */,
			);
			name = cache;
			sourceTree = "<group>";
		};
/* End PBXGroup section */

/* Begin PBXNativeTarget section */
		371AD48F19FB594C00F2B025 /* CustomURLCacheExample */ = {
			isa = PBXNativeTarget;
			buildConfigurationList = 371AD4B319FB594C00F2B025 /* Build configuration list for PBXNativeTarget "CustomURLCacheExample" */;
			buildPhases = (
				371AD48C19FB594C00F2B025 /* Sources */,
				371AD48D19FB594C00F2B025 /* Frameworks */,
				371AD48E19FB594C00F2B025 /* Resources */,
			);
			buildRules = (
			);
			dependencies = (
			);
			name = CustomURLCacheExample;
			productName = CustomURLCacheExample;
			productReference = 371AD49019FB594C00F2B025 /* CustomURLCacheExample.app */;
			productType = "com.apple.product-type.application";
		};
		371AD4A819FB594C00F2B025 /* CustomURLCacheExampleTests */ = {
			isa = PBXNativeTarget;
			buildConfigurationList = 371AD4B619FB594C00F2B025 /* Build configuration list for PBXNativeTarget "CustomURLCacheExampleTests" */;
			buildPhases = (
				371AD4A519FB594C00F2B025 /* Sources */,
				371AD4A619FB594C00F2B025 /* Frameworks */,
				371AD4A719FB594C00F2B025 /* Resources */,
			);
			buildRules = (
			);
			dependencies = (
				371AD4AB19FB594C00F2B025 /* PBXTargetDependency */,
			);
			name = CustomURLCacheExampleTests;
			productName = CustomURLCacheExampleTests;
			productReference = 371AD4A919FB594C00F2B025 /* CustomURLCacheExampleTests.xctest */;
			productType = "com.apple.product-type.bundle.unit-test";
		};
/* End PBXNativeTarget section */

/* Begin PBXProject section */
		371AD48819FB594C00F2B025 /* Project object */ = {
			isa = PBXProject;
			attributes = {
				LastUpgradeCheck = 0600;
				ORGANIZATIONNAME = UCAS;
				TargetAttributes = {
					371AD48F19FB594C00F2B025 = {
						CreatedOnToolsVersion = 6.0.1;
					};
					371AD4A819FB594C00F2B025 = {
						CreatedOnToolsVersion = 6.0.1;
						TestTargetID = 371AD48F19FB594C00F2B025;
					};
				};
			};
			buildConfigurationList = 371AD48B19FB594C00F2B025 /* Build configuration list for PBXProject "CustomURLCacheExample" */;
			compatibilityVersion = "Xcode 3.2";
			developmentRegion = English;
			hasScannedForEncodings = 0;
			knownRegions = (
				en,
				Base,
			);
			mainGroup = 371AD48719FB594C00F2B025;
			productRefGroup = 371AD49119FB594C00F2B025 /* Products */;
			projectDirPath = "";
			projectRoot = "";
			targets = (
				371AD48F19FB594C00F2B025 /* CustomURLCacheExample */,
				371AD4A819FB594C00F2B025 /* CustomURLCacheExampleTests */,
			);
		};
/* End PBXProject section */

/* Begin PBXResourcesBuildPhase section */
		371AD48E19FB594C00F2B025 /* Resources */ = {
			isa = PBXResourcesBuildPhase;
			buildActionMask = 2147483647;
			files = (
				376C120319FCA06B004730B1 /* DisplayController.xib in Resources */,
				371AD49F19FB594C00F2B025 /* Main.storyboard in Resources */,
				371AD4A419FB594C00F2B025 /* LaunchScreen.xib in Resources */,
				371AD4A119FB594C00F2B025 /* Images.xcassets in Resources */,
			);
			runOnlyForDeploymentPostprocessing = 0;
		};
		371AD4A719FB594C00F2B025 /* Resources */ = {
			isa = PBXResourcesBuildPhase;
			buildActionMask = 2147483647;
			files = (
			);
			runOnlyForDeploymentPostprocessing = 0;
		};
/* End PBXResourcesBuildPhase section */

/* Begin PBXSourcesBuildPhase section */
		371AD48C19FB594C00F2B025 /* Sources */ = {
			isa = PBXSourcesBuildPhase;
			buildActionMask = 2147483647;
			files = (
				376C120219FCA06B004730B1 /* DisplayController.m in Sources */,
				371AD4BF19FB597E00F2B025 /* Util.m in Sources */,
				371AD49C19FB594C00F2B025 /* ViewController.m in Sources */,
				371AD4BE19FB597E00F2B025 /* CustomURLCache.m in Sources */,
				371AD49919FB594C00F2B025 /* AppDelegate.m in Sources */,
				371AD49619FB594C00F2B025 /* main.m in Sources */,
			);
			runOnlyForDeploymentPostprocessing = 0;
		};
		371AD4A519FB594C00F2B025 /* Sources */ = {
			isa = PBXSourcesBuildPhase;
			buildActionMask = 2147483647;
			files = (
				371AD4B019FB594C00F2B025 /* CustomURLCacheExampleTests.m in Sources */,
			);
			runOnlyForDeploymentPostprocessing = 0;
		};
/* End PBXSourcesBuildPhase section */

/* Begin PBXTargetDependency section */
		371AD4AB19FB594C00F2B025 /* PBXTargetDependency */ = {
			isa = PBXTargetDependency;
			target = 371AD48F19FB594C00F2B025 /* CustomURLCacheExample */;
			targetProxy = 371AD4AA19FB594C00F2B025 /* PBXContainerItemProxy */;
		};
/* End PBXTargetDependency section */

/* Begin PBXVariantGroup section */
		371AD49D19FB594C00F2B025 /* Main.storyboard */ = {
			isa = PBXVariantGroup;
			children = (
				371AD49E19FB594C00F2B025 /* Base */,
			);
			name = Main.storyboard;
			sourceTree = "<group>";
		};
		371AD4A219FB594C00F2B025 /* LaunchScreen.xib */ = {
			isa = PBXVariantGroup;
			children = (
				371AD4A319FB594C00F2B025 /* Base */,
			);
			name = LaunchScreen.xib;
			sourceTree = "<group>";
		};
/* End PBXVariantGroup section */

/* Begin XCBuildConfiguration section */
		371AD4B119FB594C00F2B025 /* Debug */ = {
			isa = XCBuildConfiguration;
			buildSettings = {
				ALWAYS_SEARCH_USER_PATHS = NO;
				CLANG_CXX_LANGUAGE_STANDARD = "gnu++0x";
				CLANG_CXX_LIBRARY = "libc++";
				CLANG_ENABLE_MODULES = YES;
				CLANG_ENABLE_OBJC_ARC = YES;
				CLANG_WARN_BOOL_CONVERSION = YES;
				CLANG_WARN_CONSTANT_CONVERSION = YES;
				CLANG_WARN_DIRECT_OBJC_ISA_USAGE = YES_ERROR;
				CLANG_WARN_EMPTY_BODY = YES;
				CLANG_WARN_ENUM_CONVERSION = YES;
				CLANG_WARN_INT_CONVERSION = YES;
				CLANG_WARN_OBJC_ROOT_CLASS = YES_ERROR;
				CLANG_WARN_UNREACHABLE_CODE = YES;
				CLANG_WARN__DUPLICATE_METHOD_MATCH = YES;
				"CODE_SIGN_IDENTITY[sdk=iphoneos*]" = "iPhone Developer";
				COPY_PHASE_STRIP = NO;
				ENABLE_STRICT_OBJC_MSGSEND = YES;
				GCC_C_LANGUAGE_STANDARD = gnu99;
				GCC_DYNAMIC_NO_PIC = NO;
				GCC_OPTIMIZATION_LEVEL = 0;
				GCC_PREPROCESSOR_DEFINITIONS = (
					"DEBUG=1",
					"$(inherited)",
				);
				GCC_SYMBOLS_PRIVATE_EXTERN = NO;
				GCC_WARN_64_TO_32_BIT_CONVERSION = YES;
				GCC_WARN_ABOUT_RETURN_TYPE = YES_ERROR;
				GCC_WARN_UNDECLARED_SELECTOR = YES;
				GCC_WARN_UNINITIALIZED_AUTOS = YES_AGGRESSIVE;
				GCC_WARN_UNUSED_FUNCTION = YES;
				GCC_WARN_UNUSED_VARIABLE = YES;
				IPHONEOS_DEPLOYMENT_TARGET = 8.0;
				MTL_ENABLE_DEBUG_INFO = YES;
				ONLY_ACTIVE_ARCH = YES;
				SDKROOT = iphoneos;
			};
			name = Debug;
		};
		371AD4B219FB594C00F2B025 /* Release */ = {
			isa = XCBuildConfiguration;
			buildSettings = {
				ALWAYS_SEARCH_USER_PATHS = NO;
				CLANG_CXX_LANGUAGE_STANDARD = "gnu++0x";
				CLANG_CXX_LIBRARY = "libc++";
				CLANG_ENABLE_MODULES = YES;
				CLANG_ENABLE_OBJC_ARC = YES;
				CLANG_WARN_BOOL_CONVERSION = YES;
				CLANG_WARN_CONSTANT_CONVERSION = YES;
				CLANG_WARN_DIRECT_OBJC_ISA_USAGE = YES_ERROR;
				CLANG_WARN_EMPTY_BODY = YES;
				CLANG_WARN_ENUM_CONVERSION = YES;
				CLANG_WARN_INT_CONVERSION = YES;
				CLANG_WARN_OBJC_ROOT_CLASS = YES_ERROR;
				CLANG_WARN_UNREACHABLE_CODE = YES;
				CLANG_WARN__DUPLICATE_METHOD_MATCH = YES;
				"CODE_SIGN_IDENTITY[sdk=iphoneos*]" = "iPhone Developer";
				COPY_PHASE_STRIP = YES;
				ENABLE_NS_ASSERTIONS = NO;
				ENABLE_STRICT_OBJC_MSGSEND = YES;
				GCC_C_LANGUAGE_STANDARD = gnu99;
				GCC_WARN_64_TO_32_BIT_CONVERSION = YES;
				GCC_WARN_ABOUT_RETURN_TYPE = YES_ERROR;
				GCC_WARN_UNDECLARED_SELECTOR = YES;
				GCC_WARN_UNINITIALIZED_AUTOS = YES_AGGRESSIVE;
				GCC_WARN_UNUSED_FUNCTION = YES;
				GCC_WARN_UNUSED_VARIABLE = YES;
				IPHONEOS_DEPLOYMENT_TARGET = 8.0;
				MTL_ENABLE_DEBUG_INFO = NO;
				SDKROOT = iphoneos;
				VALIDATE_PRODUCT = YES;
			};
			name = Release;
		};
		371AD4B419FB594C00F2B025 /* Debug */ = {
			isa = XCBuildConfiguration;
			buildSettings = {
				ASSETCATALOG_COMPILER_APPICON_NAME = AppIcon;
				INFOPLIST_FILE = CustomURLCacheExample/Info.plist;
				LD_RUNPATH_SEARCH_PATHS = "$(inherited) @executable_path/Frameworks";
				PRODUCT_NAME = "$(TARGET_NAME)";
			};
			name = Debug;
		};
		371AD4B519FB594C00F2B025 /* Release */ = {
			isa = XCBuildConfiguration;
			buildSettings = {
				ASSETCATALOG_COMPILER_APPICON_NAME = AppIcon;
				INFOPLIST_FILE = CustomURLCacheExample/Info.plist;
				LD_RUNPATH_SEARCH_PATHS = "$(inherited) @executable_path/Frameworks";
				PRODUCT_NAME = "$(TARGET_NAME)";
			};
			name = Release;
		};
		371AD4B719FB594C00F2B025 /* Debug */ = {
			isa = XCBuildConfiguration;
			buildSettings = {
				BUNDLE_LOADER = "$(TEST_HOST)";
				FRAMEWORK_SEARCH_PATHS = (
					"$(SDKROOT)/Developer/Library/Frameworks",
					"$(inherited)",
				);
				GCC_PREPROCESSOR_DEFINITIONS = (
					"DEBUG=1",
					"$(inherited)",
				);
				INFOPLIST_FILE = CustomURLCacheExampleTests/Info.plist;
				LD_RUNPATH_SEARCH_PATHS = "$(inherited) @executable_path/Frameworks @loader_path/Frameworks";
				PRODUCT_NAME = "$(TARGET_NAME)";
				TEST_HOST = "$(BUILT_PRODUCTS_DIR)/CustomURLCacheExample.app/CustomURLCacheExample";
			};
			name = Debug;
		};
		371AD4B819FB594C00F2B025 /* Release */ = {
			isa = XCBuildConfiguration;
			buildSettings = {
				BUNDLE_LOADER = "$(TEST_HOST)";
				FRAMEWORK_SEARCH_PATHS = (
					"$(SDKROOT)/Developer/Library/Frameworks",
					"$(inherited)",
				);
				INFOPLIST_FILE = CustomURLCacheExampleTests/Info.plist;
				LD_RUNPATH_SEARCH_PATHS = "$(inherited) @executable_path/Frameworks @loader_path/Frameworks";
				PRODUCT_NAME = "$(TARGET_NAME)";
				TEST_HOST = "$(BUILT_PRODUCTS_DIR)/CustomURLCacheExample.app/CustomURLCacheExample";
			};
			name = Release;
		};
/* End XCBuildConfiguration section */

/* Begin XCConfigurationList section */
		371AD48B19FB594C00F2B025 /* Build configuration list for PBXProject "CustomURLCacheExample" */ = {
			isa = XCConfigurationList;
			buildConfigurations = (
				371AD4B119FB594C00F2B025 /* Debug */,
				371AD4B219FB594C00F2B025 /* Release */,
			);
			defaultConfigurationIsVisible = 0;
			defaultConfigurationName = Release;
		};
		371AD4B319FB594C00F2B025 /* Build configuration list for PBXNativeTarget "CustomURLCacheExample" */ = {
			isa = XCConfigurationList;
			buildConfigurations = (
				371AD4B419FB594C00F2B025 /* Debug */,
				371AD4B519FB594C00F2B025 /* Release */,
			);
			defaultConfigurationIsVisible = 0;
			defaultConfigurationName = Release;
		};
		371AD4B619FB594C00F2B025 /* Build configuration list for PBXNativeTarget "CustomURLCacheExampleTests" */ = {
			isa = XCConfigurationList;
			buildConfigurations = (
				371AD4B719FB594C00F2B025 /* Debug */,
				371AD4B819FB594C00F2B025 /* Release */,
			);
			defaultConfigurationIsVisible = 0;
			defaultConfigurationName = Release;
		};
/* End XCConfigurationList section */
	};
	rootObject = 371AD48819FB594C00F2B025 /* Project object */;
}
